# Generated by pub
# See https://dart.dev/tools/pub/glossary#lockfile
packages:
  latinize:
    dependency: "direct main"
    description:
      name: latinize
      sha256: "559eaa76d4641d977680b64080806174efabddebac365fc26d1c333aabb4070e"
      url: "https://pub.dev"
    source: hosted
    version: "0.1.0-nullsafety.0"
sdks:
  dart: ">=2.16.2 <4.0.0"
